
Microsoft Visual Studio Solution File, Format Version 12.00
# Visual Studio Version 16
VisualStudioVersion = 16.0.28803.352
MinimumVisualStudioVersion = 10.0.40219.1
Project("{FAE04EC0-301F-11D3-BF4B-00C04F79EFBC}") = "HB.MarsRover", "HB.MarsRover\HB.MarsRover.csproj", "{DE94F480-C527-4323-AE3E-3DADFCBFDB11}"
EndProject
Project("{FAE04EC0-301F-11D3-BF4B-00C04F79EFBC}") = "HB.MarsRoverTests", "HB.MarsRoverTests\HB.MarsRoverTests.csproj", "{97C6959A-61FA-41D8-B904-BD5961DCB756}"
EndProject
Global
	GlobalSection(SolutionConfigurationPlatforms) = preSolution
		Debug|Any CPU = Debug|Any CPU
		Release|Any CPU = Release|Any CPU
	EndGlobalSection
	GlobalSection(ProjectConfigurationPlatforms) = postSolution
		{DE94F480-C527-4323-AE3E-3DADFCBFDB11}.Debug|Any CPU.ActiveCfg = Debug|Any CPU
		{DE94F480-C527-4323-AE3E-3DADFCBFDB11}.Debug|Any CPU.Build.0 = Debug|Any CPU
		{DE94F480-C527-4323-AE3E-3DADFCBFDB11}.Release|Any CPU.ActiveCfg = Release|Any CPU
		{DE94F480-C527-4323-AE3E-3DADFCBFDB11}.Release|Any CPU.Build.0 = Release|Any CPU
		{97C6959A-61FA-41D8-B904-BD5961DCB756}.Debug|Any CPU.ActiveCfg = Debug|Any CPU
		{97C6959A-61FA-41D8-B904-BD5961DCB756}.Debug|Any CPU.Build.0 = Debug|Any CPU
		{97C6959A-61FA-41D8-B904-BD5961DCB756}.Release|Any CPU.ActiveCfg = Release|Any CPU
		{97C6959A-61FA-41D8-B904-BD5961DCB756}.Release|Any CPU.Build.0 = Release|Any CPU
	EndGlobalSection
	GlobalSection(SolutionProperties) = preSolution
		HideSolutionNode = FALSE
	EndGlobalSection
	GlobalSection(ExtensibilityGlobals) = postSolution
		SolutionGuid = {1E05FEE4-D098-4C28-8157-57A309466854}
	EndGlobalSection
EndGlobal
